
Microsoft Visual Studio Solution File, Format Version 12.00
# Visual Studio Version 16
VisualStudioVersion = 16.0.31205.134
MinimumVisualStudioVersion = 10.0.40219.1
Project("{FAE04EC0-301F-11D3-BF4B-00C04F79EFBC}") = "POO2_Semana6", "POO2_Semana6.csproj", "{C49310DC-311B-4ED9-B014-0B647A301120}"
EndProject
Global
	GlobalSection(SolutionConfigurationPlatforms) = preSolution
		Debug|Any CPU = Debug|Any CPU
		Release|Any CPU = Release|Any CPU
	EndGlobalSection
	GlobalSection(ProjectConfigurationPlatforms) = postSolution
		{C49310DC-311B-4ED9-B014-0B647A301120}.Debug|Any CPU.ActiveCfg = Debug|Any CPU
		{C49310DC-311B-4ED9-B014-0B647A301120}.Debug|Any CPU.Build.0 = Debug|Any CPU
		{C49310DC-311B-4ED9-B014-0B647A301120}.Release|Any CPU.ActiveCfg = Release|Any CPU
		{C49310DC-311B-4ED9-B014-0B647A301120}.Release|Any CPU.Build.0 = Release|Any CPU
	EndGlobalSection
	GlobalSection(SolutionProperties) = preSolution
		HideSolutionNode = FALSE
	EndGlobalSection
	GlobalSection(ExtensibilityGlobals) = postSolution
		SolutionGuid = {6E554030-E304-4011-902B-500955748F40}
	EndGlobalSection
EndGlobal
